<?xml version="1.0" encoding="UTF-8"?>
<CodeBlocks_project_file>
	<FileVersion major="1" minor="6"/>
	<Project>
		<Option title="wordfilter_ver3"/>
		<Option makefile_is_custom="1"/>
		<Option compiler="gcc"/>
		<Option virtualFolders="CMake Files\;"/>
		<Build>
			<Target title="all">
				<Option working_dir="E:/wordfilter_ver3/cmake_built"/>
				<Option type="4"/>
				<MakeCommands>
					<Build command="C:/PROGRA~2/CODEBL~1/MinGW/bin/mingw32-make.exe -f &quot;E:/wordfilter_ver3/cmake_built/Makefile&quot;  VERBOSE=1 all"/>
					<CompileFile command="C:/PROGRA~2/CODEBL~1/MinGW/bin/mingw32-make.exe -f &quot;E:/wordfilter_ver3/cmake_built/Makefile&quot;  VERBOSE=1 &quot;$file&quot;"/>
					<Clean command="C:/PROGRA~2/CODEBL~1/MinGW/bin/mingw32-make.exe -f &quot;E:/wordfilter_ver3/cmake_built/Makefile&quot;  VERBOSE=1 clean"/>
					<DistClean command="C:/PROGRA~2/CODEBL~1/MinGW/bin/mingw32-make.exe -f &quot;E:/wordfilter_ver3/cmake_built/Makefile&quot;  VERBOSE=1 clean"/>
				</MakeCommands>
			</Target>
			<Target title="wordfilter_ver3">
				<Option output="E:/wordfilter_ver3/cmake_built/wordfilter_ver3.exe" prefix_auto="0" extension_auto="0"/>
				<Option working_dir="E:/wordfilter_ver3/cmake_built"/>
				<Option object_output="./"/>
				<Option type="1"/>
				<Option compiler="gcc"/>
				<Compiler>
					<Add directory="c:\program files (x86)\codeblocks-ep\mingw\bin\../lib/gcc/i686-mingw32/4.4.5/include/c++"/>
					<Add directory="c:\program files (x86)\codeblocks-ep\mingw\bin\../lib/gcc/i686-mingw32/4.4.5/include/c++/i686-mingw32"/>
					<Add directory="c:\program files (x86)\codeblocks-ep\mingw\bin\../lib/gcc/i686-mingw32/4.4.5/include/c++/backward"/>
					<Add directory="c:\program files (x86)\codeblocks-ep\mingw\bin\../lib/gcc/i686-mingw32/4.4.5/../../../../include"/>
					<Add directory="c:\program files (x86)\codeblocks-ep\mingw\bin\../lib/gcc/i686-mingw32/4.4.5/include"/>
					<Add directory="c:\program files (x86)\codeblocks-ep\mingw\bin\../lib/gcc/i686-mingw32/4.4.5/include-fixed"/>
				</Compiler>
				<MakeCommands>
					<Build command="C:/PROGRA~2/CODEBL~1/MinGW/bin/mingw32-make.exe -f &quot;E:/wordfilter_ver3/cmake_built/Makefile&quot;  VERBOSE=1 wordfilter_ver3"/>
					<CompileFile command="C:/PROGRA~2/CODEBL~1/MinGW/bin/mingw32-make.exe -f &quot;E:/wordfilter_ver3/cmake_built/Makefile&quot;  VERBOSE=1 &quot;$file&quot;"/>
					<Clean command="C:/PROGRA~2/CODEBL~1/MinGW/bin/mingw32-make.exe -f &quot;E:/wordfilter_ver3/cmake_built/Makefile&quot;  VERBOSE=1 clean"/>
					<DistClean command="C:/PROGRA~2/CODEBL~1/MinGW/bin/mingw32-make.exe -f &quot;E:/wordfilter_ver3/cmake_built/Makefile&quot;  VERBOSE=1 clean"/>
				</MakeCommands>
			</Target>
			<Target title="wordfilter_ver3/fast">
				<Option output="E:/wordfilter_ver3/cmake_built/wordfilter_ver3.exe" prefix_auto="0" extension_auto="0"/>
				<Option working_dir="E:/wordfilter_ver3/cmake_built"/>
				<Option object_output="./"/>
				<Option type="1"/>
				<Option compiler="gcc"/>
				<Compiler>
					<Add directory="c:\program files (x86)\codeblocks-ep\mingw\bin\../lib/gcc/i686-mingw32/4.4.5/include/c++"/>
					<Add directory="c:\program files (x86)\codeblocks-ep\mingw\bin\../lib/gcc/i686-mingw32/4.4.5/include/c++/i686-mingw32"/>
					<Add directory="c:\program files (x86)\codeblocks-ep\mingw\bin\../lib/gcc/i686-mingw32/4.4.5/include/c++/backward"/>
					<Add directory="c:\program files (x86)\codeblocks-ep\mingw\bin\../lib/gcc/i686-mingw32/4.4.5/../../../../include"/>
					<Add directory="c:\program files (x86)\codeblocks-ep\mingw\bin\../lib/gcc/i686-mingw32/4.4.5/include"/>
					<Add directory="c:\program files (x86)\codeblocks-ep\mingw\bin\../lib/gcc/i686-mingw32/4.4.5/include-fixed"/>
				</Compiler>
				<MakeCommands>
					<Build command="C:/PROGRA~2/CODEBL~1/MinGW/bin/mingw32-make.exe -f &quot;E:/wordfilter_ver3/cmake_built/Makefile&quot;  VERBOSE=1 wordfilter_ver3/fast"/>
					<CompileFile command="C:/PROGRA~2/CODEBL~1/MinGW/bin/mingw32-make.exe -f &quot;E:/wordfilter_ver3/cmake_built/Makefile&quot;  VERBOSE=1 &quot;$file&quot;"/>
					<Clean command="C:/PROGRA~2/CODEBL~1/MinGW/bin/mingw32-make.exe -f &quot;E:/wordfilter_ver3/cmake_built/Makefile&quot;  VERBOSE=1 clean"/>
					<DistClean command="C:/PROGRA~2/CODEBL~1/MinGW/bin/mingw32-make.exe -f &quot;E:/wordfilter_ver3/cmake_built/Makefile&quot;  VERBOSE=1 clean"/>
				</MakeCommands>
			</Target>
			<Target title="edit_cache">
				<Option working_dir="E:/wordfilter_ver3/cmake_built"/>
				<Option type="4"/>
				<MakeCommands>
					<Build command="C:/PROGRA~2/CODEBL~1/MinGW/bin/mingw32-make.exe -f &quot;E:/wordfilter_ver3/cmake_built/Makefile&quot;  VERBOSE=1 edit_cache"/>
					<CompileFile command="C:/PROGRA~2/CODEBL~1/MinGW/bin/mingw32-make.exe -f &quot;E:/wordfilter_ver3/cmake_built/Makefile&quot;  VERBOSE=1 &quot;$file&quot;"/>
					<Clean command="C:/PROGRA~2/CODEBL~1/MinGW/bin/mingw32-make.exe -f &quot;E:/wordfilter_ver3/cmake_built/Makefile&quot;  VERBOSE=1 clean"/>
					<DistClean command="C:/PROGRA~2/CODEBL~1/MinGW/bin/mingw32-make.exe -f &quot;E:/wordfilter_ver3/cmake_built/Makefile&quot;  VERBOSE=1 clean"/>
				</MakeCommands>
			</Target>
			<Target title="rebuild_cache">
				<Option working_dir="E:/wordfilter_ver3/cmake_built"/>
				<Option type="4"/>
				<MakeCommands>
					<Build command="C:/PROGRA~2/CODEBL~1/MinGW/bin/mingw32-make.exe -f &quot;E:/wordfilter_ver3/cmake_built/Makefile&quot;  VERBOSE=1 rebuild_cache"/>
					<CompileFile command="C:/PROGRA~2/CODEBL~1/MinGW/bin/mingw32-make.exe -f &quot;E:/wordfilter_ver3/cmake_built/Makefile&quot;  VERBOSE=1 &quot;$file&quot;"/>
					<Clean command="C:/PROGRA~2/CODEBL~1/MinGW/bin/mingw32-make.exe -f &quot;E:/wordfilter_ver3/cmake_built/Makefile&quot;  VERBOSE=1 clean"/>
					<DistClean command="C:/PROGRA~2/CODEBL~1/MinGW/bin/mingw32-make.exe -f &quot;E:/wordfilter_ver3/cmake_built/Makefile&quot;  VERBOSE=1 clean"/>
				</MakeCommands>
			</Target>
		</Build>
		<Unit filename="E:/wordfilter_ver3/filter.txt">
			<Option target="wordfilter_ver3"/>
		</Unit>
		<Unit filename="E:/wordfilter_ver3/wordfilter_ver3.cpp">
			<Option target="wordfilter_ver3"/>
		</Unit>
		<Unit filename="E:/wordfilter_ver3/CMakeLists.txt">
			<Option virtualFolder="CMake Files\"/>
		</Unit>
	</Project>
</CodeBlocks_project_file>
